
Microsoft Visual Studio Solution File, Format Version 12.00
# Visual Studio Version 17
VisualStudioVersion = 17.2.32630.192
MinimumVisualStudioVersion = 10.0.40219.1
Project("{9A19103F-16F7-4668-BE54-9A1E7A4F7556}") = "PetCare.Domain", "PetCare.Domain.csproj", "{90AE795D-8910-4246-A96D-7906624BF057}"
EndProject
Global
	GlobalSection(SolutionConfigurationPlatforms) = preSolution
		Debug|Any CPU = Debug|Any CPU
		Release|Any CPU = Release|Any CPU
	EndGlobalSection
	GlobalSection(ProjectConfigurationPlatforms) = postSolution
		{90AE795D-8910-4246-A96D-7906624BF057}.Debug|Any CPU.ActiveCfg = Debug|Any CPU
		{90AE795D-8910-4246-A96D-7906624BF057}.Debug|Any CPU.Build.0 = Debug|Any CPU
		{90AE795D-8910-4246-A96D-7906624BF057}.Release|Any CPU.ActiveCfg = Release|Any CPU
		{90AE795D-8910-4246-A96D-7906624BF057}.Release|Any CPU.Build.0 = Release|Any CPU
	EndGlobalSection
	GlobalSection(SolutionProperties) = preSolution
		HideSolutionNode = FALSE
	EndGlobalSection
	GlobalSection(ExtensibilityGlobals) = postSolution
		SolutionGuid = {6765C3C2-678A-4FE9-87EC-9171457524B6}
	EndGlobalSection
EndGlobal
