
Microsoft Visual Studio Solution File, Format Version 12.00
# Visual Studio Version 17
VisualStudioVersion = 17.2.32630.192
MinimumVisualStudioVersion = 10.0.40219.1
Project("{9A19103F-16F7-4668-BE54-9A1E7A4F7556}") = "PetCare.Api", "PetCare.Api.csproj", "{3A6B2824-C0C2-4123-A432-BC77D156D174}"
EndProject
Global
	GlobalSection(SolutionConfigurationPlatforms) = preSolution
		Debug|Any CPU = Debug|Any CPU
		Release|Any CPU = Release|Any CPU
	EndGlobalSection
	GlobalSection(ProjectConfigurationPlatforms) = postSolution
		{3A6B2824-C0C2-4123-A432-BC77D156D174}.Debug|Any CPU.ActiveCfg = Debug|Any CPU
		{3A6B2824-C0C2-4123-A432-BC77D156D174}.Debug|Any CPU.Build.0 = Debug|Any CPU
		{3A6B2824-C0C2-4123-A432-BC77D156D174}.Release|Any CPU.ActiveCfg = Release|Any CPU
		{3A6B2824-C0C2-4123-A432-BC77D156D174}.Release|Any CPU.Build.0 = Release|Any CPU
	EndGlobalSection
	GlobalSection(SolutionProperties) = preSolution
		HideSolutionNode = FALSE
	EndGlobalSection
	GlobalSection(ExtensibilityGlobals) = postSolution
		SolutionGuid = {23E0F661-04F6-49A1-A118-9385BD8E5016}
	EndGlobalSection
EndGlobal
