
Microsoft Visual Studio Solution File, Format Version 12.00
# Visual Studio Version 17
VisualStudioVersion = 17.2.32630.192
MinimumVisualStudioVersion = 10.0.40219.1
Project("{FAE04EC0-301F-11D3-BF4B-00C04F79EFBC}") = "ExceptionsAssignment", "ExceptionsAssignment\ExceptionsAssignment.csproj", "{EFE0AF42-4F4C-4E30-B02A-2C743890AF16}"
EndProject
Global
	GlobalSection(SolutionConfigurationPlatforms) = preSolution
		Debug|Any CPU = Debug|Any CPU
		Release|Any CPU = Release|Any CPU
	EndGlobalSection
	GlobalSection(ProjectConfigurationPlatforms) = postSolution
		{EFE0AF42-4F4C-4E30-B02A-2C743890AF16}.Debug|Any CPU.ActiveCfg = Debug|Any CPU
		{EFE0AF42-4F4C-4E30-B02A-2C743890AF16}.Debug|Any CPU.Build.0 = Debug|Any CPU
		{EFE0AF42-4F4C-4E30-B02A-2C743890AF16}.Release|Any CPU.ActiveCfg = Release|Any CPU
		{EFE0AF42-4F4C-4E30-B02A-2C743890AF16}.Release|Any CPU.Build.0 = Release|Any CPU
	EndGlobalSection
	GlobalSection(SolutionProperties) = preSolution
		HideSolutionNode = FALSE
	EndGlobalSection
	GlobalSection(ExtensibilityGlobals) = postSolution
		SolutionGuid = {C30E05E7-D156-4677-BF1E-7B539E309E3D}
	EndGlobalSection
EndGlobal
